
Microsoft Visual Studio Solution File, Format Version 12.00
# Visual Studio 15
Project("{FAE04EC0-301F-11D3-BF4B-00C04F79EFBC}") = "Unity.Timeline", "Unity.Timeline.csproj", "{06DC3C42-A6E3-AE91-3A43-4A619F908AC7}"
EndProject
Project("{FAE04EC0-301F-11D3-BF4B-00C04F79EFBC}") = "Unity.Timeline.Editor", "Unity.Timeline.Editor.csproj", "{CC2373A9-435B-C1FF-0333-863965A687CE}"
EndProject
Project("{FAE04EC0-301F-11D3-BF4B-00C04F79EFBC}") = "Assembly-CSharp", "Assembly-CSharp.csproj", "{5BB7E9B2-DAAC-E6A6-6D4C-F52FF86D00FA}"
EndProject
Project("{FAE04EC0-301F-11D3-BF4B-00C04F79EFBC}") = "UnityEngine.Advertisements.Editor", "UnityEngine.Advertisements.Editor.csproj", "{265D35B7-099E-7E54-7938-4D81B0CEE89D}"
EndProject
Project("{FAE04EC0-301F-11D3-BF4B-00C04F79EFBC}") = "Unity.TextMeshPro.Editor", "Unity.TextMeshPro.Editor.csproj", "{AE2D33A7-04B4-4021-AC25-0E3ABDAE3A4D}"
EndProject
Project("{FAE04EC0-301F-11D3-BF4B-00C04F79EFBC}") = "Unity.2D.Tilemap.Editor", "Unity.2D.Tilemap.Editor.csproj", "{BE46D910-5EA9-AADF-DAEE-EF8CA75422D1}"
EndProject
Project("{FAE04EC0-301F-11D3-BF4B-00C04F79EFBC}") = "Unity.Services.Core.Internal", "Unity.Services.Core.Internal.csproj", "{B17B5848-C5EF-A06A-530C-673476184959}"
EndProject
Project("{FAE04EC0-301F-11D3-BF4B-00C04F79EFBC}") = "UnityEditor.UI", "UnityEditor.UI.csproj", "{FA865763-DFED-E722-59DF-4999B1752DEA}"
EndProject
Project("{FAE04EC0-301F-11D3-BF4B-00C04F79EFBC}") = "Unity.PlasticSCM.Editor", "Unity.PlasticSCM.Editor.csproj", "{333DC68C-3385-9E63-CA66-E7F8EDFEB7BB}"
EndProject
Project("{FAE04EC0-301F-11D3-BF4B-00C04F79EFBC}") = "UnityEditor.Purchasing", "UnityEditor.Purchasing.csproj", "{F1EE2DF8-0E98-5E48-FF96-5D0A787660A8}"
EndProject
Project("{FAE04EC0-301F-11D3-BF4B-00C04F79EFBC}") = "UnityEngine.Purchasing.Stores", "UnityEngine.Purchasing.Stores.csproj", "{2AC429A8-220C-89E7-0186-66A172E4C418}"
EndProject
Project("{FAE04EC0-301F-11D3-BF4B-00C04F79EFBC}") = "UnityEngine.Purchasing", "UnityEngine.Purchasing.csproj", "{A531C3E7-C00B-187E-6A3E-EF1134362E37}"
EndProject
Project("{FAE04EC0-301F-11D3-BF4B-00C04F79EFBC}") = "UnityEngine.Advertisements", "UnityEngine.Advertisements.csproj", "{C2577B41-CF16-5F11-0A00-0A2EC99028E0}"
EndProject
Project("{FAE04EC0-301F-11D3-BF4B-00C04F79EFBC}") = "Unity.Services.Analytics", "Unity.Services.Analytics.csproj", "{D5C76623-58BD-1238-A787-D782E9086C6E}"
EndProject
Project("{FAE04EC0-301F-11D3-BF4B-00C04F79EFBC}") = "UnityEngine.Advertisements.DevX.Editor", "UnityEngine.Advertisements.DevX.Editor.csproj", "{8FB94C67-8E32-8B0A-279B-DEA214504E74}"
EndProject
Project("{FAE04EC0-301F-11D3-BF4B-00C04F79EFBC}") = "UnityEditor.TestRunner", "UnityEditor.TestRunner.csproj", "{65B6C48A-560D-8457-BF5E-1559C988F8BB}"
EndProject
Project("{FAE04EC0-301F-11D3-BF4B-00C04F79EFBC}") = "UnityEngine.TestRunner", "UnityEngine.TestRunner.csproj", "{8AAF36CD-C1FA-0FEF-5790-F292A9FBE8DB}"
EndProject
Project("{FAE04EC0-301F-11D3-BF4B-00C04F79EFBC}") = "Unity.Services.Core.Environments.Editor", "Unity.Services.Core.Environments.Editor.csproj", "{961591BA-C918-B447-CD1A-9F4338F3C735}"
EndProject
Project("{FAE04EC0-301F-11D3-BF4B-00C04F79EFBC}") = "Unity.Services.Core.Editor", "Unity.Services.Core.Editor.csproj", "{1EB9753B-61FA-28CD-D3CE-AA99024F7366}"
EndProject
Project("{FAE04EC0-301F-11D3-BF4B-00C04F79EFBC}") = "Assembly-CSharp-firstpass", "Assembly-CSharp-firstpass.csproj", "{BC3C38AE-ED04-B288-BA63-7F92E64B03B8}"
EndProject
Project("{FAE04EC0-301F-11D3-BF4B-00C04F79EFBC}") = "UnityEngine.UI", "UnityEngine.UI.csproj", "{C57473E9-6319-A134-A721-DF6F8316D356}"
EndProject
Project("{FAE04EC0-301F-11D3-BF4B-00C04F79EFBC}") = "Unity.AI.Navigation.Editor", "Unity.AI.Navigation.Editor.csproj", "{DF109174-133F-A21A-EB53-38231C5438F4}"
EndProject
Project("{FAE04EC0-301F-11D3-BF4B-00C04F79EFBC}") = "Unity.VisualStudio.Editor", "Unity.VisualStudio.Editor.csproj", "{F825005F-4A24-EF31-DEE8-D6C227E71C0A}"
EndProject
Project("{FAE04EC0-301F-11D3-BF4B-00C04F79EFBC}") = "Unity.Rider.Editor", "Unity.Rider.Editor.csproj", "{F82AC4CA-565D-03E8-3304-8E6B2366923F}"
EndProject
Project("{FAE04EC0-301F-11D3-BF4B-00C04F79EFBC}") = "Unity.Services.Core.Environments.Internal", "Unity.Services.Core.Environments.Internal.csproj", "{AD9EEE1D-A4A1-4C44-25AA-6E244D4B8198}"
EndProject
Project("{FAE04EC0-301F-11D3-BF4B-00C04F79EFBC}") = "Unity.Services.Core.Telemetry", "Unity.Services.Core.Telemetry.csproj", "{A399E12D-42F5-D601-CF3A-509DDA9DB0B0}"
EndProject
Project("{FAE04EC0-301F-11D3-BF4B-00C04F79EFBC}") = "Unity.AI.Navigation", "Unity.AI.Navigation.csproj", "{570A32A7-962E-7B78-AB3A-88FC7B4513B0}"
EndProject
Project("{FAE04EC0-301F-11D3-BF4B-00C04F79EFBC}") = "UnityEngine.Purchasing.Codeless", "UnityEngine.Purchasing.Codeless.csproj", "{55292975-0482-730C-8255-DB21ADADA685}"
EndProject
Project("{FAE04EC0-301F-11D3-BF4B-00C04F79EFBC}") = "Unity.Services.Core.Configuration", "Unity.Services.Core.Configuration.csproj", "{588F6294-CCF4-028C-EB27-E754FAB2032B}"
EndProject
Project("{FAE04EC0-301F-11D3-BF4B-00C04F79EFBC}") = "Unity.AI.Navigation.Editor.ConversionSystem", "Unity.AI.Navigation.Editor.ConversionSystem.csproj", "{D8956642-B9D8-57F2-807F-8C0FBCB426C7}"
EndProject
Project("{FAE04EC0-301F-11D3-BF4B-00C04F79EFBC}") = "UnityEditor.XR.LegacyInputHelpers", "UnityEditor.XR.LegacyInputHelpers.csproj", "{353EFD76-A1BE-0C34-4DDD-5867290125DA}"
EndProject
Project("{FAE04EC0-301F-11D3-BF4B-00C04F79EFBC}") = "Unity.Services.Core.Configuration.Editor", "Unity.Services.Core.Configuration.Editor.csproj", "{BFBBD2D9-4C99-56F2-428B-E67ACCCE729A}"
EndProject
Project("{FAE04EC0-301F-11D3-BF4B-00C04F79EFBC}") = "Unity.Services.Core", "Unity.Services.Core.csproj", "{01047E05-9D1B-9DC3-26D8-9B056D484D86}"
EndProject
Project("{FAE04EC0-301F-11D3-BF4B-00C04F79EFBC}") = "Unity.TextMeshPro", "Unity.TextMeshPro.csproj", "{B53038FE-9AEB-3121-C6AD-198F3C276404}"
EndProject
Project("{FAE04EC0-301F-11D3-BF4B-00C04F79EFBC}") = "Unity.Services.Core.Networking", "Unity.Services.Core.Networking.csproj", "{CDBBE0ED-426C-4347-1C49-8EE106FE98B2}"
EndProject
Project("{FAE04EC0-301F-11D3-BF4B-00C04F79EFBC}") = "Unity.Services.Core.Scheduler", "Unity.Services.Core.Scheduler.csproj", "{5C559390-1676-30B9-6035-C3345CB51C6A}"
EndProject
Project("{FAE04EC0-301F-11D3-BF4B-00C04F79EFBC}") = "Unity.Services.Analytics.Editor", "Unity.Services.Analytics.Editor.csproj", "{2B0DADA4-3BFD-C973-0DE7-3746870FA62B}"
EndProject
Project("{FAE04EC0-301F-11D3-BF4B-00C04F79EFBC}") = "Unity.VSCode.Editor", "Unity.VSCode.Editor.csproj", "{A923471F-5E50-10B5-499C-F32711860A81}"
EndProject
Project("{FAE04EC0-301F-11D3-BF4B-00C04F79EFBC}") = "Unity.2D.Sprite.Editor", "Unity.2D.Sprite.Editor.csproj", "{F83C584F-1439-D45F-4B67-0F316E5F32A9}"
EndProject
Project("{FAE04EC0-301F-11D3-BF4B-00C04F79EFBC}") = "UnityEngine.Purchasing.AppleMacosStub", "UnityEngine.Purchasing.AppleMacosStub.csproj", "{F6E14355-2A22-C8E4-E6B4-E4379935121B}"
EndProject
Project("{FAE04EC0-301F-11D3-BF4B-00C04F79EFBC}") = "Unity.AI.Navigation.Updater", "Unity.AI.Navigation.Updater.csproj", "{214E5917-4B31-B935-C4BF-35E401183732}"
EndProject
Project("{FAE04EC0-301F-11D3-BF4B-00C04F79EFBC}") = "UnityEditor.SpatialTracking", "UnityEditor.SpatialTracking.csproj", "{B417F910-75FB-CBC5-3429-470E2F0B575C}"
EndProject
Project("{FAE04EC0-301F-11D3-BF4B-00C04F79EFBC}") = "Unity.Analytics.DataPrivacy", "Unity.Analytics.DataPrivacy.csproj", "{1FE53527-85E9-6548-FF65-0B2BBF2A5392}"
EndProject
Project("{FAE04EC0-301F-11D3-BF4B-00C04F79EFBC}") = "UnityEngine.Purchasing.SecurityStub", "UnityEngine.Purchasing.SecurityStub.csproj", "{FFDFF4EA-D7A6-1C40-68D8-F71AB1CFCC7E}"
EndProject
Project("{FAE04EC0-301F-11D3-BF4B-00C04F79EFBC}") = "Unity.Services.Core.Registration", "Unity.Services.Core.Registration.csproj", "{942BBA94-B737-0E91-2800-B692C7A0C614}"
EndProject
Project("{FAE04EC0-301F-11D3-BF4B-00C04F79EFBC}") = "UnityEngine.Purchasing.SecurityCore", "UnityEngine.Purchasing.SecurityCore.csproj", "{BF48EEBB-1B56-824E-E907-FD7A772F9289}"
EndProject
Project("{FAE04EC0-301F-11D3-BF4B-00C04F79EFBC}") = "UnityEngine.Purchasing.WinRTStub", "UnityEngine.Purchasing.WinRTStub.csproj", "{2B05C488-6865-BA32-5090-B02C803F2FE5}"
EndProject
Project("{FAE04EC0-301F-11D3-BF4B-00C04F79EFBC}") = "Unity.Services.Core.Analytics", "Unity.Services.Core.Analytics.csproj", "{1EF816C8-6151-01D1-69BE-6998EEB7399F}"
EndProject
Project("{FAE04EC0-301F-11D3-BF4B-00C04F79EFBC}") = "UnityEngine.SpatialTracking", "UnityEngine.SpatialTracking.csproj", "{F7278A6D-3545-1B07-C48F-DFAF36AA0422}"
EndProject
Project("{FAE04EC0-301F-11D3-BF4B-00C04F79EFBC}") = "Unity.Services.Core.Threading", "Unity.Services.Core.Threading.csproj", "{388EF451-C0D1-B3BE-945D-637A286AE473}"
EndProject
Project("{FAE04EC0-301F-11D3-BF4B-00C04F79EFBC}") = "UnityEngine.Purchasing.AppleStub", "UnityEngine.Purchasing.AppleStub.csproj", "{9FEE03D3-917B-A9FD-DE70-307776830F39}"
EndProject
Project("{FAE04EC0-301F-11D3-BF4B-00C04F79EFBC}") = "Unity.Services.Core.Device", "Unity.Services.Core.Device.csproj", "{AFDFCD4B-AD5F-506B-AED5-3EF9C3E1FF77}"
EndProject
Project("{FAE04EC0-301F-11D3-BF4B-00C04F79EFBC}") = "UnityEngine.Purchasing.WinRTCore", "UnityEngine.Purchasing.WinRTCore.csproj", "{5464E1AF-C9E7-D32E-F74B-362AFE7B2834}"
EndProject
Project("{FAE04EC0-301F-11D3-BF4B-00C04F79EFBC}") = "Purchasing.Common", "Purchasing.Common.csproj", "{8099ADCB-74DD-E037-A66C-A1243A43BCC8}"
EndProject
Project("{FAE04EC0-301F-11D3-BF4B-00C04F79EFBC}") = "Unity.Services.Core.Environments", "Unity.Services.Core.Environments.csproj", "{56BEC6DE-0BF9-D2CF-902A-703C4C1D4AEE}"
EndProject
Project("{FAE04EC0-301F-11D3-BF4B-00C04F79EFBC}") = "UnityEngine.XR.LegacyInputHelpers", "UnityEngine.XR.LegacyInputHelpers.csproj", "{21EBE0CA-D851-D278-1E2C-E10D676F47DC}"
EndProject
Project("{FAE04EC0-301F-11D3-BF4B-00C04F79EFBC}") = "UnityEngine.Purchasing.AppleCore", "UnityEngine.Purchasing.AppleCore.csproj", "{4B03CA21-CE41-B5CD-0424-934150353709}"
EndProject
Project("{FAE04EC0-301F-11D3-BF4B-00C04F79EFBC}") = "Unity.CollabProxy.Editor", "Unity.CollabProxy.Editor.csproj", "{DB927EFF-1C34-B3CA-6DA6-B316ED193819}"
EndProject
Project("{FAE04EC0-301F-11D3-BF4B-00C04F79EFBC}") = "Analytics", "Analytics.csproj", "{74761920-1F99-ACD0-1E80-5CE5B509C3E9}"
EndProject
Project("{FAE04EC0-301F-11D3-BF4B-00C04F79EFBC}") = "Unity.Timeline", "Unity.Timeline.Player.csproj", "{F04E5834-FF11-1514-0FC0-E09F7B52ABAA}"
EndProject
Project("{FAE04EC0-301F-11D3-BF4B-00C04F79EFBC}") = "Assembly-CSharp", "Assembly-CSharp.Player.csproj", "{38A77CB4-E86B-2153-E4D8-185686D8D81A}"
EndProject
Project("{FAE04EC0-301F-11D3-BF4B-00C04F79EFBC}") = "Unity.Services.Core.Internal", "Unity.Services.Core.Internal.Player.csproj", "{5B79B52C-3FC3-D817-418E-958E76FA2040}"
EndProject
Project("{FAE04EC0-301F-11D3-BF4B-00C04F79EFBC}") = "UnityEngine.Purchasing.Stores", "UnityEngine.Purchasing.Stores.Player.csproj", "{FC066DC7-0A5D-4D27-3D19-2FACE62356AF}"
EndProject
Project("{FAE04EC0-301F-11D3-BF4B-00C04F79EFBC}") = "UnityEngine.Purchasing", "UnityEngine.Purchasing.Player.csproj", "{8B090B78-9496-9283-A884-CAE44727FDA2}"
EndProject
Project("{FAE04EC0-301F-11D3-BF4B-00C04F79EFBC}") = "UnityEngine.Advertisements", "UnityEngine.Advertisements.Player.csproj", "{57AD7F8B-CF5E-D28E-4421-2D9F8A2B84D3}"
EndProject
Project("{FAE04EC0-301F-11D3-BF4B-00C04F79EFBC}") = "Unity.Services.Analytics", "Unity.Services.Analytics.Player.csproj", "{D817F916-2264-888D-9DEF-1E44495066F1}"
EndProject
Project("{FAE04EC0-301F-11D3-BF4B-00C04F79EFBC}") = "UnityEngine.TestRunner", "UnityEngine.TestRunner.Player.csproj", "{364FB238-0C3B-A769-CA05-6B15D6345A59}"
EndProject
Project("{FAE04EC0-301F-11D3-BF4B-00C04F79EFBC}") = "Assembly-CSharp-firstpass", "Assembly-CSharp-firstpass.Player.csproj", "{75196F69-28EE-2485-1005-4D441A9F10FD}"
EndProject
Project("{FAE04EC0-301F-11D3-BF4B-00C04F79EFBC}") = "UnityEngine.UI", "UnityEngine.UI.Player.csproj", "{FC75BA22-3EE3-B073-13D9-98D3B68B5A5E}"
EndProject
Project("{FAE04EC0-301F-11D3-BF4B-00C04F79EFBC}") = "Unity.Services.Core.Environments.Internal", "Unity.Services.Core.Environments.Internal.Player.csproj", "{1439F2F2-A659-2C36-16DE-9D78FA2E7A97}"
EndProject
Project("{FAE04EC0-301F-11D3-BF4B-00C04F79EFBC}") = "Unity.Services.Core.Telemetry", "Unity.Services.Core.Telemetry.Player.csproj", "{E3F2B438-6694-F85A-D8CD-07E1240F7CFB}"
EndProject
Project("{FAE04EC0-301F-11D3-BF4B-00C04F79EFBC}") = "Unity.AI.Navigation", "Unity.AI.Navigation.Player.csproj", "{7DD5CECC-281B-3AC3-6F5F-6BC93E0E52C7}"
EndProject
Project("{FAE04EC0-301F-11D3-BF4B-00C04F79EFBC}") = "UnityEngine.Purchasing.Codeless", "UnityEngine.Purchasing.Codeless.Player.csproj", "{DA2015C0-463E-E40C-D155-9A511FFA4D5D}"
EndProject
Project("{FAE04EC0-301F-11D3-BF4B-00C04F79EFBC}") = "Unity.Services.Core.Configuration", "Unity.Services.Core.Configuration.Player.csproj", "{7D4DA12D-DAE3-D249-6DF1-73FCF518E651}"
EndProject
Project("{FAE04EC0-301F-11D3-BF4B-00C04F79EFBC}") = "Unity.Services.Core", "Unity.Services.Core.Player.csproj", "{D65256CF-6C33-33E3-D869-6546A6129CEB}"
EndProject
Project("{FAE04EC0-301F-11D3-BF4B-00C04F79EFBC}") = "Unity.TextMeshPro", "Unity.TextMeshPro.Player.csproj", "{A81E8E14-2B42-0BCA-E740-8C597CCAA56E}"
EndProject
Project("{FAE04EC0-301F-11D3-BF4B-00C04F79EFBC}") = "Unity.Services.Core.Networking", "Unity.Services.Core.Networking.Player.csproj", "{D8B78E01-2B07-59F4-9F3C-DCEA87EB6F0C}"
EndProject
Project("{FAE04EC0-301F-11D3-BF4B-00C04F79EFBC}") = "Unity.Services.Core.Scheduler", "Unity.Services.Core.Scheduler.Player.csproj", "{FB866266-597C-913F-91D1-C5E18139AD0E}"
EndProject
Project("{FAE04EC0-301F-11D3-BF4B-00C04F79EFBC}") = "UnityEngine.Purchasing.AppleMacosStub", "UnityEngine.Purchasing.AppleMacosStub.Player.csproj", "{38A50FAE-EDC3-941C-E8F0-00868662E92B}"
EndProject
Project("{FAE04EC0-301F-11D3-BF4B-00C04F79EFBC}") = "Unity.Analytics.DataPrivacy", "Unity.Analytics.DataPrivacy.Player.csproj", "{936B122E-51BF-B8E8-5381-5CD8E0130B96}"
EndProject
Project("{FAE04EC0-301F-11D3-BF4B-00C04F79EFBC}") = "UnityEngine.Purchasing.SecurityStub", "UnityEngine.Purchasing.SecurityStub.Player.csproj", "{046248E7-9D94-5C3C-6BD2-8C2D543AF098}"
EndProject
Project("{FAE04EC0-301F-11D3-BF4B-00C04F79EFBC}") = "Unity.Services.Core.Registration", "Unity.Services.Core.Registration.Player.csproj", "{D5E66A49-55D8-64B7-F9FF-FE4F2E759441}"
EndProject
Project("{FAE04EC0-301F-11D3-BF4B-00C04F79EFBC}") = "UnityEngine.Purchasing.SecurityCore", "UnityEngine.Purchasing.SecurityCore.Player.csproj", "{FDDF4D89-B276-2329-9AD9-02A35C463612}"
EndProject
Project("{FAE04EC0-301F-11D3-BF4B-00C04F79EFBC}") = "UnityEngine.Purchasing.WinRTStub", "UnityEngine.Purchasing.WinRTStub.Player.csproj", "{FDF6FDB7-4925-7309-C836-BF6EB5E552B3}"
EndProject
Project("{FAE04EC0-301F-11D3-BF4B-00C04F79EFBC}") = "Unity.Services.Core.Analytics", "Unity.Services.Core.Analytics.Player.csproj", "{6DB83209-39E0-5B8E-B195-4CACD0892E75}"
EndProject
Project("{FAE04EC0-301F-11D3-BF4B-00C04F79EFBC}") = "UnityEngine.SpatialTracking", "UnityEngine.SpatialTracking.Player.csproj", "{1E5EF0ED-4EB0-B70F-A58C-F7A2FD95DDEA}"
EndProject
Project("{FAE04EC0-301F-11D3-BF4B-00C04F79EFBC}") = "Unity.Services.Core.Threading", "Unity.Services.Core.Threading.Player.csproj", "{01E6F01F-13B6-31F7-CE5E-211ACCBE160B}"
EndProject
Project("{FAE04EC0-301F-11D3-BF4B-00C04F79EFBC}") = "UnityEngine.Purchasing.AppleStub", "UnityEngine.Purchasing.AppleStub.Player.csproj", "{F8725360-3D73-873C-67DE-E111C0F82C5C}"
EndProject
Project("{FAE04EC0-301F-11D3-BF4B-00C04F79EFBC}") = "Unity.Services.Core.Device", "Unity.Services.Core.Device.Player.csproj", "{1CD4006B-341F-387D-9F8C-CB29672B4101}"
EndProject
Project("{FAE04EC0-301F-11D3-BF4B-00C04F79EFBC}") = "UnityEngine.Purchasing.WinRTCore", "UnityEngine.Purchasing.WinRTCore.Player.csproj", "{0A0A2379-474D-8C8E-4762-E0BBFF587D33}"
EndProject
Project("{FAE04EC0-301F-11D3-BF4B-00C04F79EFBC}") = "Purchasing.Common", "Purchasing.Common.Player.csproj", "{93DE363A-2AE1-444F-2CB9-79EDCFDD41D3}"
EndProject
Project("{FAE04EC0-301F-11D3-BF4B-00C04F79EFBC}") = "Unity.Services.Core.Environments", "Unity.Services.Core.Environments.Player.csproj", "{D6C6E1FE-0CB7-E45B-3514-1ABA379BF8A5}"
EndProject
Project("{FAE04EC0-301F-11D3-BF4B-00C04F79EFBC}") = "UnityEngine.XR.LegacyInputHelpers", "UnityEngine.XR.LegacyInputHelpers.Player.csproj", "{9F1DC850-12B3-9DF1-85AA-5272D1107A0E}"
EndProject
Project("{FAE04EC0-301F-11D3-BF4B-00C04F79EFBC}") = "UnityEngine.Purchasing.AppleCore", "UnityEngine.Purchasing.AppleCore.Player.csproj", "{F0769E12-0A07-83F7-C38F-67F629F50616}"
EndProject
Global
	GlobalSection(SolutionConfigurationPlatforms) = preSolution
		Debug|Any CPU = Debug|Any CPU
		Release|Any CPU = Release|Any CPU
	EndGlobalSection
	GlobalSection(ProjectConfigurationPlatforms) = postSolution
		{06DC3C42-A6E3-AE91-3A43-4A619F908AC7}.Debug|Any CPU.ActiveCfg = Debug|Any CPU
		{06DC3C42-A6E3-AE91-3A43-4A619F908AC7}.Debug|Any CPU.Build.0 = Debug|Any CPU
		{06DC3C42-A6E3-AE91-3A43-4A619F908AC7}.Release|Any CPU.ActiveCfg = Release|Any CPU
		{06DC3C42-A6E3-AE91-3A43-4A619F908AC7}.Release|Any CPU.Build.0 = Release|Any CPU
		{CC2373A9-435B-C1FF-0333-863965A687CE}.Debug|Any CPU.ActiveCfg = Debug|Any CPU
		{CC2373A9-435B-C1FF-0333-863965A687CE}.Debug|Any CPU.Build.0 = Debug|Any CPU
		{CC2373A9-435B-C1FF-0333-863965A687CE}.Release|Any CPU.ActiveCfg = Release|Any CPU
		{CC2373A9-435B-C1FF-0333-863965A687CE}.Release|Any CPU.Build.0 = Release|Any CPU
		{5BB7E9B2-DAAC-E6A6-6D4C-F52FF86D00FA}.Debug|Any CPU.ActiveCfg = Debug|Any CPU
		{5BB7E9B2-DAAC-E6A6-6D4C-F52FF86D00FA}.Debug|Any CPU.Build.0 = Debug|Any CPU
		{5BB7E9B2-DAAC-E6A6-6D4C-F52FF86D00FA}.Release|Any CPU.ActiveCfg = Release|Any CPU
		{5BB7E9B2-DAAC-E6A6-6D4C-F52FF86D00FA}.Release|Any CPU.Build.0 = Release|Any CPU
		{265D35B7-099E-7E54-7938-4D81B0CEE89D}.Debug|Any CPU.ActiveCfg = Debug|Any CPU
		{265D35B7-099E-7E54-7938-4D81B0CEE89D}.Debug|Any CPU.Build.0 = Debug|Any CPU
		{265D35B7-099E-7E54-7938-4D81B0CEE89D}.Release|Any CPU.ActiveCfg = Release|Any CPU
		{265D35B7-099E-7E54-7938-4D81B0CEE89D}.Release|Any CPU.Build.0 = Release|Any CPU
		{AE2D33A7-04B4-4021-AC25-0E3ABDAE3A4D}.Debug|Any CPU.ActiveCfg = Debug|Any CPU
		{AE2D33A7-04B4-4021-AC25-0E3ABDAE3A4D}.Debug|Any CPU.Build.0 = Debug|Any CPU
		{AE2D33A7-04B4-4021-AC25-0E3ABDAE3A4D}.Release|Any CPU.ActiveCfg = Release|Any CPU
		{AE2D33A7-04B4-4021-AC25-0E3ABDAE3A4D}.Release|Any CPU.Build.0 = Release|Any CPU
		{BE46D910-5EA9-AADF-DAEE-EF8CA75422D1}.Debug|Any CPU.ActiveCfg = Debug|Any CPU
		{BE46D910-5EA9-AADF-DAEE-EF8CA75422D1}.Debug|Any CPU.Build.0 = Debug|Any CPU
		{BE46D910-5EA9-AADF-DAEE-EF8CA75422D1}.Release|Any CPU.ActiveCfg = Release|Any CPU
		{BE46D910-5EA9-AADF-DAEE-EF8CA75422D1}.Release|Any CPU.Build.0 = Release|Any CPU
		{B17B5848-C5EF-A06A-530C-673476184959}.Debug|Any CPU.ActiveCfg = Debug|Any CPU
		{B17B5848-C5EF-A06A-530C-673476184959}.Debug|Any CPU.Build.0 = Debug|Any CPU
		{B17B5848-C5EF-A06A-530C-673476184959}.Release|Any CPU.ActiveCfg = Release|Any CPU
		{B17B5848-C5EF-A06A-530C-673476184959}.Release|Any CPU.Build.0 = Release|Any CPU
		{FA865763-DFED-E722-59DF-4999B1752DEA}.Debug|Any CPU.ActiveCfg = Debug|Any CPU
		{FA865763-DFED-E722-59DF-4999B1752DEA}.Debug|Any CPU.Build.0 = Debug|Any CPU
		{FA865763-DFED-E722-59DF-4999B1752DEA}.Release|Any CPU.ActiveCfg = Release|Any CPU
		{FA865763-DFED-E722-59DF-4999B1752DEA}.Release|Any CPU.Build.0 = Release|Any CPU
		{333DC68C-3385-9E63-CA66-E7F8EDFEB7BB}.Debug|Any CPU.ActiveCfg = Debug|Any CPU
		{333DC68C-3385-9E63-CA66-E7F8EDFEB7BB}.Debug|Any CPU.Build.0 = Debug|Any CPU
		{333DC68C-3385-9E63-CA66-E7F8EDFEB7BB}.Release|Any CPU.ActiveCfg = Release|Any CPU
		{333DC68C-3385-9E63-CA66-E7F8EDFEB7BB}.Release|Any CPU.Build.0 = Release|Any CPU
		{F1EE2DF8-0E98-5E48-FF96-5D0A787660A8}.Debug|Any CPU.ActiveCfg = Debug|Any CPU
		{F1EE2DF8-0E98-5E48-FF96-5D0A787660A8}.Debug|Any CPU.Build.0 = Debug|Any CPU
		{F1EE2DF8-0E98-5E48-FF96-5D0A787660A8}.Release|Any CPU.ActiveCfg = Release|Any CPU
		{F1EE2DF8-0E98-5E48-FF96-5D0A787660A8}.Release|Any CPU.Build.0 = Release|Any CPU
		{2AC429A8-220C-89E7-0186-66A172E4C418}.Debug|Any CPU.ActiveCfg = Debug|Any CPU
		{2AC429A8-220C-89E7-0186-66A172E4C418}.Debug|Any CPU.Build.0 = Debug|Any CPU
		{2AC429A8-220C-89E7-0186-66A172E4C418}.Release|Any CPU.ActiveCfg = Release|Any CPU
		{2AC429A8-220C-89E7-0186-66A172E4C418}.Release|Any CPU.Build.0 = Release|Any CPU
		{A531C3E7-C00B-187E-6A3E-EF1134362E37}.Debug|Any CPU.ActiveCfg = Debug|Any CPU
		{A531C3E7-C00B-187E-6A3E-EF1134362E37}.Debug|Any CPU.Build.0 = Debug|Any CPU
		{A531C3E7-C00B-187E-6A3E-EF1134362E37}.Release|Any CPU.ActiveCfg = Release|Any CPU
		{A531C3E7-C00B-187E-6A3E-EF1134362E37}.Release|Any CPU.Build.0 = Release|Any CPU
		{C2577B41-CF16-5F11-0A00-0A2EC99028E0}.Debug|Any CPU.ActiveCfg = Debug|Any CPU
		{C2577B41-CF16-5F11-0A00-0A2EC99028E0}.Debug|Any CPU.Build.0 = Debug|Any CPU
		{C2577B41-CF16-5F11-0A00-0A2EC99028E0}.Release|Any CPU.ActiveCfg = Release|Any CPU
		{C2577B41-CF16-5F11-0A00-0A2EC99028E0}.Release|Any CPU.Build.0 = Release|Any CPU
		{D5C76623-58BD-1238-A787-D782E9086C6E}.Debug|Any CPU.ActiveCfg = Debug|Any CPU
		{D5C76623-58BD-1238-A787-D782E9086C6E}.Debug|Any CPU.Build.0 = Debug|Any CPU
		{D5C76623-58BD-1238-A787-D782E9086C6E}.Release|Any CPU.ActiveCfg = Release|Any CPU
		{D5C76623-58BD-1238-A787-D782E9086C6E}.Release|Any CPU.Build.0 = Release|Any CPU
		{8FB94C67-8E32-8B0A-279B-DEA214504E74}.Debug|Any CPU.ActiveCfg = Debug|Any CPU
		{8FB94C67-8E32-8B0A-279B-DEA214504E74}.Debug|Any CPU.Build.0 = Debug|Any CPU
		{8FB94C67-8E32-8B0A-279B-DEA214504E74}.Release|Any CPU.ActiveCfg = Release|Any CPU
		{8FB94C67-8E32-8B0A-279B-DEA214504E74}.Release|Any CPU.Build.0 = Release|Any CPU
		{65B6C48A-560D-8457-BF5E-1559C988F8BB}.Debug|Any CPU.ActiveCfg = Debug|Any CPU
		{65B6C48A-560D-8457-BF5E-1559C988F8BB}.Debug|Any CPU.Build.0 = Debug|Any CPU
		{65B6C48A-560D-8457-BF5E-1559C988F8BB}.Release|Any CPU.ActiveCfg = Release|Any CPU
		{65B6C48A-560D-8457-BF5E-1559C988F8BB}.Release|Any CPU.Build.0 = Release|Any CPU
		{8AAF36CD-C1FA-0FEF-5790-F292A9FBE8DB}.Debug|Any CPU.ActiveCfg = Debug|Any CPU
		{8AAF36CD-C1FA-0FEF-5790-F292A9FBE8DB}.Debug|Any CPU.Build.0 = Debug|Any CPU
		{8AAF36CD-C1FA-0FEF-5790-F292A9FBE8DB}.Release|Any CPU.ActiveCfg = Release|Any CPU
		{8AAF36CD-C1FA-0FEF-5790-F292A9FBE8DB}.Release|Any CPU.Build.0 = Release|Any CPU
		{961591BA-C918-B447-CD1A-9F4338F3C735}.Debug|Any CPU.ActiveCfg = Debug|Any CPU
		{961591BA-C918-B447-CD1A-9F4338F3C735}.Debug|Any CPU.Build.0 = Debug|Any CPU
		{961591BA-C918-B447-CD1A-9F4338F3C735}.Release|Any CPU.ActiveCfg = Release|Any CPU
		{961591BA-C918-B447-CD1A-9F4338F3C735}.Release|Any CPU.Build.0 = Release|Any CPU
		{1EB9753B-61FA-28CD-D3CE-AA99024F7366}.Debug|Any CPU.ActiveCfg = Debug|Any CPU
		{1EB9753B-61FA-28CD-D3CE-AA99024F7366}.Debug|Any CPU.Build.0 = Debug|Any CPU
		{1EB9753B-61FA-28CD-D3CE-AA99024F7366}.Release|Any CPU.ActiveCfg = Release|Any CPU
		{1EB9753B-61FA-28CD-D3CE-AA99024F7366}.Release|Any CPU.Build.0 = Release|Any CPU
		{BC3C38AE-ED04-B288-BA63-7F92E64B03B8}.Debug|Any CPU.ActiveCfg = Debug|Any CPU
		{BC3C38AE-ED04-B288-BA63-7F92E64B03B8}.Debug|Any CPU.Build.0 = Debug|Any CPU
		{BC3C38AE-ED04-B288-BA63-7F92E64B03B8}.Release|Any CPU.ActiveCfg = Release|Any CPU
		{BC3C38AE-ED04-B288-BA63-7F92E64B03B8}.Release|Any CPU.Build.0 = Release|Any CPU
		{C57473E9-6319-A134-A721-DF6F8316D356}.Debug|Any CPU.ActiveCfg = Debug|Any CPU
		{C57473E9-6319-A134-A721-DF6F8316D356}.Debug|Any CPU.Build.0 = Debug|Any CPU
		{C57473E9-6319-A134-A721-DF6F8316D356}.Release|Any CPU.ActiveCfg = Release|Any CPU
		{C57473E9-6319-A134-A721-DF6F8316D356}.Release|Any CPU.Build.0 = Release|Any CPU
		{DF109174-133F-A21A-EB53-38231C5438F4}.Debug|Any CPU.ActiveCfg = Debug|Any CPU
		{DF109174-133F-A21A-EB53-38231C5438F4}.Debug|Any CPU.Build.0 = Debug|Any CPU
		{DF109174-133F-A21A-EB53-38231C5438F4}.Release|Any CPU.ActiveCfg = Release|Any CPU
		{DF109174-133F-A21A-EB53-38231C5438F4}.Release|Any CPU.Build.0 = Release|Any CPU
		{F825005F-4A24-EF31-DEE8-D6C227E71C0A}.Debug|Any CPU.ActiveCfg = Debug|Any CPU
		{F825005F-4A24-EF31-DEE8-D6C227E71C0A}.Debug|Any CPU.Build.0 = Debug|Any CPU
		{F825005F-4A24-EF31-DEE8-D6C227E71C0A}.Release|Any CPU.ActiveCfg = Release|Any CPU
		{F825005F-4A24-EF31-DEE8-D6C227E71C0A}.Release|Any CPU.Build.0 = Release|Any CPU
		{F82AC4CA-565D-03E8-3304-8E6B2366923F}.Debug|Any CPU.ActiveCfg = Debug|Any CPU
		{F82AC4CA-565D-03E8-3304-8E6B2366923F}.Debug|Any CPU.Build.0 = Debug|Any CPU
		{F82AC4CA-565D-03E8-3304-8E6B2366923F}.Release|Any CPU.ActiveCfg = Release|Any CPU
		{F82AC4CA-565D-03E8-3304-8E6B2366923F}.Release|Any CPU.Build.0 = Release|Any CPU
		{AD9EEE1D-A4A1-4C44-25AA-6E244D4B8198}.Debug|Any CPU.ActiveCfg = Debug|Any CPU
		{AD9EEE1D-A4A1-4C44-25AA-6E244D4B8198}.Debug|Any CPU.Build.0 = Debug|Any CPU
		{AD9EEE1D-A4A1-4C44-25AA-6E244D4B8198}.Release|Any CPU.ActiveCfg = Release|Any CPU
		{AD9EEE1D-A4A1-4C44-25AA-6E244D4B8198}.Release|Any CPU.Build.0 = Release|Any CPU
		{A399E12D-42F5-D601-CF3A-509DDA9DB0B0}.Debug|Any CPU.ActiveCfg = Debug|Any CPU
		{A399E12D-42F5-D601-CF3A-509DDA9DB0B0}.Debug|Any CPU.Build.0 = Debug|Any CPU
		{A399E12D-42F5-D601-CF3A-509DDA9DB0B0}.Release|Any CPU.ActiveCfg = Release|Any CPU
		{A399E12D-42F5-D601-CF3A-509DDA9DB0B0}.Release|Any CPU.Build.0 = Release|Any CPU
		{570A32A7-962E-7B78-AB3A-88FC7B4513B0}.Debug|Any CPU.ActiveCfg = Debug|Any CPU
		{570A32A7-962E-7B78-AB3A-88FC7B4513B0}.Debug|Any CPU.Build.0 = Debug|Any CPU
		{570A32A7-962E-7B78-AB3A-88FC7B4513B0}.Release|Any CPU.ActiveCfg = Release|Any CPU
		{570A32A7-962E-7B78-AB3A-88FC7B4513B0}.Release|Any CPU.Build.0 = Release|Any CPU
		{55292975-0482-730C-8255-DB21ADADA685}.Debug|Any CPU.ActiveCfg = Debug|Any CPU
		{55292975-0482-730C-8255-DB21ADADA685}.Debug|Any CPU.Build.0 = Debug|Any CPU
		{55292975-0482-730C-8255-DB21ADADA685}.Release|Any CPU.ActiveCfg = Release|Any CPU
		{55292975-0482-730C-8255-DB21ADADA685}.Release|Any CPU.Build.0 = Release|Any CPU
		{588F6294-CCF4-028C-EB27-E754FAB2032B}.Debug|Any CPU.ActiveCfg = Debug|Any CPU
		{588F6294-CCF4-028C-EB27-E754FAB2032B}.Debug|Any CPU.Build.0 = Debug|Any CPU
		{588F6294-CCF4-028C-EB27-E754FAB2032B}.Release|Any CPU.ActiveCfg = Release|Any CPU
		{588F6294-CCF4-028C-EB27-E754FAB2032B}.Release|Any CPU.Build.0 = Release|Any CPU
		{D8956642-B9D8-57F2-807F-8C0FBCB426C7}.Debug|Any CPU.ActiveCfg = Debug|Any CPU
		{D8956642-B9D8-57F2-807F-8C0FBCB426C7}.Debug|Any CPU.Build.0 = Debug|Any CPU
		{D8956642-B9D8-57F2-807F-8C0FBCB426C7}.Release|Any CPU.ActiveCfg = Release|Any CPU
		{D8956642-B9D8-57F2-807F-8C0FBCB426C7}.Release|Any CPU.Build.0 = Release|Any CPU
		{353EFD76-A1BE-0C34-4DDD-5867290125DA}.Debug|Any CPU.ActiveCfg = Debug|Any CPU
		{353EFD76-A1BE-0C34-4DDD-5867290125DA}.Debug|Any CPU.Build.0 = Debug|Any CPU
		{353EFD76-A1BE-0C34-4DDD-5867290125DA}.Release|Any CPU.ActiveCfg = Release|Any CPU
		{353EFD76-A1BE-0C34-4DDD-5867290125DA}.Release|Any CPU.Build.0 = Release|Any CPU
		{BFBBD2D9-4C99-56F2-428B-E67ACCCE729A}.Debug|Any CPU.ActiveCfg = Debug|Any CPU
		{BFBBD2D9-4C99-56F2-428B-E67ACCCE729A}.Debug|Any CPU.Build.0 = Debug|Any CPU
		{BFBBD2D9-4C99-56F2-428B-E67ACCCE729A}.Release|Any CPU.ActiveCfg = Release|Any CPU
		{BFBBD2D9-4C99-56F2-428B-E67ACCCE729A}.Release|Any CPU.Build.0 = Release|Any CPU
		{01047E05-9D1B-9DC3-26D8-9B056D484D86}.Debug|Any CPU.ActiveCfg = Debug|Any CPU
		{01047E05-9D1B-9DC3-26D8-9B056D484D86}.Debug|Any CPU.Build.0 = Debug|Any CPU
		{01047E05-9D1B-9DC3-26D8-9B056D484D86}.Release|Any CPU.ActiveCfg = Release|Any CPU
		{01047E05-9D1B-9DC3-26D8-9B056D484D86}.Release|Any CPU.Build.0 = Release|Any CPU
		{B53038FE-9AEB-3121-C6AD-198F3C276404}.Debug|Any CPU.ActiveCfg = Debug|Any CPU
		{B53038FE-9AEB-3121-C6AD-198F3C276404}.Debug|Any CPU.Build.0 = Debug|Any CPU
		{B53038FE-9AEB-3121-C6AD-198F3C276404}.Release|Any CPU.ActiveCfg = Release|Any CPU
		{B53038FE-9AEB-3121-C6AD-198F3C276404}.Release|Any CPU.Build.0 = Release|Any CPU
		{CDBBE0ED-426C-4347-1C49-8EE106FE98B2}.Debug|Any CPU.ActiveCfg = Debug|Any CPU
		{CDBBE0ED-426C-4347-1C49-8EE106FE98B2}.Debug|Any CPU.Build.0 = Debug|Any CPU
		{CDBBE0ED-426C-4347-1C49-8EE106FE98B2}.Release|Any CPU.ActiveCfg = Release|Any CPU
		{CDBBE0ED-426C-4347-1C49-8EE106FE98B2}.Release|Any CPU.Build.0 = Release|Any CPU
		{5C559390-1676-30B9-6035-C3345CB51C6A}.Debug|Any CPU.ActiveCfg = Debug|Any CPU
		{5C559390-1676-30B9-6035-C3345CB51C6A}.Debug|Any CPU.Build.0 = Debug|Any CPU
		{5C559390-1676-30B9-6035-C3345CB51C6A}.Release|Any CPU.ActiveCfg = Release|Any CPU
		{5C559390-1676-30B9-6035-C3345CB51C6A}.Release|Any CPU.Build.0 = Release|Any CPU
		{2B0DADA4-3BFD-C973-0DE7-3746870FA62B}.Debug|Any CPU.ActiveCfg = Debug|Any CPU
		{2B0DADA4-3BFD-C973-0DE7-3746870FA62B}.Debug|Any CPU.Build.0 = Debug|Any CPU
		{2B0DADA4-3BFD-C973-0DE7-3746870FA62B}.Release|Any CPU.ActiveCfg = Release|Any CPU
		{2B0DADA4-3BFD-C973-0DE7-3746870FA62B}.Release|Any CPU.Build.0 = Release|Any CPU
		{A923471F-5E50-10B5-499C-F32711860A81}.Debug|Any CPU.ActiveCfg = Debug|Any CPU
		{A923471F-5E50-10B5-499C-F32711860A81}.Debug|Any CPU.Build.0 = Debug|Any CPU
		{A923471F-5E50-10B5-499C-F32711860A81}.Release|Any CPU.ActiveCfg = Release|Any CPU
		{A923471F-5E50-10B5-499C-F32711860A81}.Release|Any CPU.Build.0 = Release|Any CPU
		{F83C584F-1439-D45F-4B67-0F316E5F32A9}.Debug|Any CPU.ActiveCfg = Debug|Any CPU
		{F83C584F-1439-D45F-4B67-0F316E5F32A9}.Debug|Any CPU.Build.0 = Debug|Any CPU
		{F83C584F-1439-D45F-4B67-0F316E5F32A9}.Release|Any CPU.ActiveCfg = Release|Any CPU
		{F83C584F-1439-D45F-4B67-0F316E5F32A9}.Release|Any CPU.Build.0 = Release|Any CPU
		{F6E14355-2A22-C8E4-E6B4-E4379935121B}.Debug|Any CPU.ActiveCfg = Debug|Any CPU
		{F6E14355-2A22-C8E4-E6B4-E4379935121B}.Debug|Any CPU.Build.0 = Debug|Any CPU
		{F6E14355-2A22-C8E4-E6B4-E4379935121B}.Release|Any CPU.ActiveCfg = Release|Any CPU
		{F6E14355-2A22-C8E4-E6B4-E4379935121B}.Release|Any CPU.Build.0 = Release|Any CPU
		{214E5917-4B31-B935-C4BF-35E401183732}.Debug|Any CPU.ActiveCfg = Debug|Any CPU
		{214E5917-4B31-B935-C4BF-35E401183732}.Debug|Any CPU.Build.0 = Debug|Any CPU
		{214E5917-4B31-B935-C4BF-35E401183732}.Release|Any CPU.ActiveCfg = Release|Any CPU
		{214E5917-4B31-B935-C4BF-35E401183732}.Release|Any CPU.Build.0 = Release|Any CPU
		{B417F910-75FB-CBC5-3429-470E2F0B575C}.Debug|Any CPU.ActiveCfg = Debug|Any CPU
		{B417F910-75FB-CBC5-3429-470E2F0B575C}.Debug|Any CPU.Build.0 = Debug|Any CPU
		{B417F910-75FB-CBC5-3429-470E2F0B575C}.Release|Any CPU.ActiveCfg = Release|Any CPU
		{B417F910-75FB-CBC5-3429-470E2F0B575C}.Release|Any CPU.Build.0 = Release|Any CPU
		{1FE53527-85E9-6548-FF65-0B2BBF2A5392}.Debug|Any CPU.ActiveCfg = Debug|Any CPU
		{1FE53527-85E9-6548-FF65-0B2BBF2A5392}.Debug|Any CPU.Build.0 = Debug|Any CPU
		{1FE53527-85E9-6548-FF65-0B2BBF2A5392}.Release|Any CPU.ActiveCfg = Release|Any CPU
		{1FE53527-85E9-6548-FF65-0B2BBF2A5392}.Release|Any CPU.Build.0 = Release|Any CPU
		{FFDFF4EA-D7A6-1C40-68D8-F71AB1CFCC7E}.Debug|Any CPU.ActiveCfg = Debug|Any CPU
		{FFDFF4EA-D7A6-1C40-68D8-F71AB1CFCC7E}.Debug|Any CPU.Build.0 = Debug|Any CPU
		{FFDFF4EA-D7A6-1C40-68D8-F71AB1CFCC7E}.Release|Any CPU.ActiveCfg = Release|Any CPU
		{FFDFF4EA-D7A6-1C40-68D8-F71AB1CFCC7E}.Release|Any CPU.Build.0 = Release|Any CPU
		{942BBA94-B737-0E91-2800-B692C7A0C614}.Debug|Any CPU.ActiveCfg = Debug|Any CPU
		{942BBA94-B737-0E91-2800-B692C7A0C614}.Debug|Any CPU.Build.0 = Debug|Any CPU
		{942BBA94-B737-0E91-2800-B692C7A0C614}.Release|Any CPU.ActiveCfg = Release|Any CPU
		{942BBA94-B737-0E91-2800-B692C7A0C614}.Release|Any CPU.Build.0 = Release|Any CPU
		{BF48EEBB-1B56-824E-E907-FD7A772F9289}.Debug|Any CPU.ActiveCfg = Debug|Any CPU
		{BF48EEBB-1B56-824E-E907-FD7A772F9289}.Debug|Any CPU.Build.0 = Debug|Any CPU
		{BF48EEBB-1B56-824E-E907-FD7A772F9289}.Release|Any CPU.ActiveCfg = Release|Any CPU
		{BF48EEBB-1B56-824E-E907-FD7A772F9289}.Release|Any CPU.Build.0 = Release|Any CPU
		{2B05C488-6865-BA32-5090-B02C803F2FE5}.Debug|Any CPU.ActiveCfg = Debug|Any CPU
		{2B05C488-6865-BA32-5090-B02C803F2FE5}.Debug|Any CPU.Build.0 = Debug|Any CPU
		{2B05C488-6865-BA32-5090-B02C803F2FE5}.Release|Any CPU.ActiveCfg = Release|Any CPU
		{2B05C488-6865-BA32-5090-B02C803F2FE5}.Release|Any CPU.Build.0 = Release|Any CPU
		{1EF816C8-6151-01D1-69BE-6998EEB7399F}.Debug|Any CPU.ActiveCfg = Debug|Any CPU
		{1EF816C8-6151-01D1-69BE-6998EEB7399F}.Debug|Any CPU.Build.0 = Debug|Any CPU
		{1EF816C8-6151-01D1-69BE-6998EEB7399F}.Release|Any CPU.ActiveCfg = Release|Any CPU
		{1EF816C8-6151-01D1-69BE-6998EEB7399F}.Release|Any CPU.Build.0 = Release|Any CPU
		{F7278A6D-3545-1B07-C48F-DFAF36AA0422}.Debug|Any CPU.ActiveCfg = Debug|Any CPU
		{F7278A6D-3545-1B07-C48F-DFAF36AA0422}.Debug|Any CPU.Build.0 = Debug|Any CPU
		{F7278A6D-3545-1B07-C48F-DFAF36AA0422}.Release|Any CPU.ActiveCfg = Release|Any CPU
		{F7278A6D-3545-1B07-C48F-DFAF36AA0422}.Release|Any CPU.Build.0 = Release|Any CPU
		{388EF451-C0D1-B3BE-945D-637A286AE473}.Debug|Any CPU.ActiveCfg = Debug|Any CPU
		{388EF451-C0D1-B3BE-945D-637A286AE473}.Debug|Any CPU.Build.0 = Debug|Any CPU
		{388EF451-C0D1-B3BE-945D-637A286AE473}.Release|Any CPU.ActiveCfg = Release|Any CPU
		{388EF451-C0D1-B3BE-945D-637A286AE473}.Release|Any CPU.Build.0 = Release|Any CPU
		{9FEE03D3-917B-A9FD-DE70-307776830F39}.Debug|Any CPU.ActiveCfg = Debug|Any CPU
		{9FEE03D3-917B-A9FD-DE70-307776830F39}.Debug|Any CPU.Build.0 = Debug|Any CPU
		{9FEE03D3-917B-A9FD-DE70-307776830F39}.Release|Any CPU.ActiveCfg = Release|Any CPU
		{9FEE03D3-917B-A9FD-DE70-307776830F39}.Release|Any CPU.Build.0 = Release|Any CPU
		{AFDFCD4B-AD5F-506B-AED5-3EF9C3E1FF77}.Debug|Any CPU.ActiveCfg = Debug|Any CPU
		{AFDFCD4B-AD5F-506B-AED5-3EF9C3E1FF77}.Debug|Any CPU.Build.0 = Debug|Any CPU
		{AFDFCD4B-AD5F-506B-AED5-3EF9C3E1FF77}.Release|Any CPU.ActiveCfg = Release|Any CPU
		{AFDFCD4B-AD5F-506B-AED5-3EF9C3E1FF77}.Release|Any CPU.Build.0 = Release|Any CPU
		{5464E1AF-C9E7-D32E-F74B-362AFE7B2834}.Debug|Any CPU.ActiveCfg = Debug|Any CPU
		{5464E1AF-C9E7-D32E-F74B-362AFE7B2834}.Debug|Any CPU.Build.0 = Debug|Any CPU
		{5464E1AF-C9E7-D32E-F74B-362AFE7B2834}.Release|Any CPU.ActiveCfg = Release|Any CPU
		{5464E1AF-C9E7-D32E-F74B-362AFE7B2834}.Release|Any CPU.Build.0 = Release|Any CPU
		{8099ADCB-74DD-E037-A66C-A1243A43BCC8}.Debug|Any CPU.ActiveCfg = Debug|Any CPU
		{8099ADCB-74DD-E037-A66C-A1243A43BCC8}.Debug|Any CPU.Build.0 = Debug|Any CPU
		{8099ADCB-74DD-E037-A66C-A1243A43BCC8}.Release|Any CPU.ActiveCfg = Release|Any CPU
		{8099ADCB-74DD-E037-A66C-A1243A43BCC8}.Release|Any CPU.Build.0 = Release|Any CPU
		{56BEC6DE-0BF9-D2CF-902A-703C4C1D4AEE}.Debug|Any CPU.ActiveCfg = Debug|Any CPU
		{56BEC6DE-0BF9-D2CF-902A-703C4C1D4AEE}.Debug|Any CPU.Build.0 = Debug|Any CPU
		{56BEC6DE-0BF9-D2CF-902A-703C4C1D4AEE}.Release|Any CPU.ActiveCfg = Release|Any CPU
		{56BEC6DE-0BF9-D2CF-902A-703C4C1D4AEE}.Release|Any CPU.Build.0 = Release|Any CPU
		{21EBE0CA-D851-D278-1E2C-E10D676F47DC}.Debug|Any CPU.ActiveCfg = Debug|Any CPU
		{21EBE0CA-D851-D278-1E2C-E10D676F47DC}.Debug|Any CPU.Build.0 = Debug|Any CPU
		{21EBE0CA-D851-D278-1E2C-E10D676F47DC}.Release|Any CPU.ActiveCfg = Release|Any CPU
		{21EBE0CA-D851-D278-1E2C-E10D676F47DC}.Release|Any CPU.Build.0 = Release|Any CPU
		{4B03CA21-CE41-B5CD-0424-934150353709}.Debug|Any CPU.ActiveCfg = Debug|Any CPU
		{4B03CA21-CE41-B5CD-0424-934150353709}.Debug|Any CPU.Build.0 = Debug|Any CPU
		{4B03CA21-CE41-B5CD-0424-934150353709}.Release|Any CPU.ActiveCfg = Release|Any CPU
		{4B03CA21-CE41-B5CD-0424-934150353709}.Release|Any CPU.Build.0 = Release|Any CPU
		{DB927EFF-1C34-B3CA-6DA6-B316ED193819}.Debug|Any CPU.ActiveCfg = Debug|Any CPU
		{DB927EFF-1C34-B3CA-6DA6-B316ED193819}.Debug|Any CPU.Build.0 = Debug|Any CPU
		{DB927EFF-1C34-B3CA-6DA6-B316ED193819}.Release|Any CPU.ActiveCfg = Release|Any CPU
		{DB927EFF-1C34-B3CA-6DA6-B316ED193819}.Release|Any CPU.Build.0 = Release|Any CPU
		{74761920-1F99-ACD0-1E80-5CE5B509C3E9}.Debug|Any CPU.ActiveCfg = Debug|Any CPU
		{74761920-1F99-ACD0-1E80-5CE5B509C3E9}.Debug|Any CPU.Build.0 = Debug|Any CPU
		{74761920-1F99-ACD0-1E80-5CE5B509C3E9}.Release|Any CPU.ActiveCfg = Release|Any CPU
		{74761920-1F99-ACD0-1E80-5CE5B509C3E9}.Release|Any CPU.Build.0 = Release|Any CPU
		{F04E5834-FF11-1514-0FC0-E09F7B52ABAA}.Debug|Any CPU.ActiveCfg = Debug|Any CPU
		{F04E5834-FF11-1514-0FC0-E09F7B52ABAA}.Debug|Any CPU.Build.0 = Debug|Any CPU
		{F04E5834-FF11-1514-0FC0-E09F7B52ABAA}.Release|Any CPU.ActiveCfg = Release|Any CPU
		{F04E5834-FF11-1514-0FC0-E09F7B52ABAA}.Release|Any CPU.Build.0 = Release|Any CPU
		{38A77CB4-E86B-2153-E4D8-185686D8D81A}.Debug|Any CPU.ActiveCfg = Debug|Any CPU
		{38A77CB4-E86B-2153-E4D8-185686D8D81A}.Debug|Any CPU.Build.0 = Debug|Any CPU
		{38A77CB4-E86B-2153-E4D8-185686D8D81A}.Release|Any CPU.ActiveCfg = Release|Any CPU
		{38A77CB4-E86B-2153-E4D8-185686D8D81A}.Release|Any CPU.Build.0 = Release|Any CPU
		{5B79B52C-3FC3-D817-418E-958E76FA2040}.Debug|Any CPU.ActiveCfg = Debug|Any CPU
		{5B79B52C-3FC3-D817-418E-958E76FA2040}.Debug|Any CPU.Build.0 = Debug|Any CPU
		{5B79B52C-3FC3-D817-418E-958E76FA2040}.Release|Any CPU.ActiveCfg = Release|Any CPU
		{5B79B52C-3FC3-D817-418E-958E76FA2040}.Release|Any CPU.Build.0 = Release|Any CPU
		{FC066DC7-0A5D-4D27-3D19-2FACE62356AF}.Debug|Any CPU.ActiveCfg = Debug|Any CPU
		{FC066DC7-0A5D-4D27-3D19-2FACE62356AF}.Debug|Any CPU.Build.0 = Debug|Any CPU
		{FC066DC7-0A5D-4D27-3D19-2FACE62356AF}.Release|Any CPU.ActiveCfg = Release|Any CPU
		{FC066DC7-0A5D-4D27-3D19-2FACE62356AF}.Release|Any CPU.Build.0 = Release|Any CPU
		{8B090B78-9496-9283-A884-CAE44727FDA2}.Debug|Any CPU.ActiveCfg = Debug|Any CPU
		{8B090B78-9496-9283-A884-CAE44727FDA2}.Debug|Any CPU.Build.0 = Debug|Any CPU
		{8B090B78-9496-9283-A884-CAE44727FDA2}.Release|Any CPU.ActiveCfg = Release|Any CPU
		{8B090B78-9496-9283-A884-CAE44727FDA2}.Release|Any CPU.Build.0 = Release|Any CPU
		{57AD7F8B-CF5E-D28E-4421-2D9F8A2B84D3}.Debug|Any CPU.ActiveCfg = Debug|Any CPU
		{57AD7F8B-CF5E-D28E-4421-2D9F8A2B84D3}.Debug|Any CPU.Build.0 = Debug|Any CPU
		{57AD7F8B-CF5E-D28E-4421-2D9F8A2B84D3}.Release|Any CPU.ActiveCfg = Release|Any CPU
		{57AD7F8B-CF5E-D28E-4421-2D9F8A2B84D3}.Release|Any CPU.Build.0 = Release|Any CPU
		{D817F916-2264-888D-9DEF-1E44495066F1}.Debug|Any CPU.ActiveCfg = Debug|Any CPU
		{D817F916-2264-888D-9DEF-1E44495066F1}.Debug|Any CPU.Build.0 = Debug|Any CPU
		{D817F916-2264-888D-9DEF-1E44495066F1}.Release|Any CPU.ActiveCfg = Release|Any CPU
		{D817F916-2264-888D-9DEF-1E44495066F1}.Release|Any CPU.Build.0 = Release|Any CPU
		{364FB238-0C3B-A769-CA05-6B15D6345A59}.Debug|Any CPU.ActiveCfg = Debug|Any CPU
		{364FB238-0C3B-A769-CA05-6B15D6345A59}.Debug|Any CPU.Build.0 = Debug|Any CPU
		{364FB238-0C3B-A769-CA05-6B15D6345A59}.Release|Any CPU.ActiveCfg = Release|Any CPU
		{364FB238-0C3B-A769-CA05-6B15D6345A59}.Release|Any CPU.Build.0 = Release|Any CPU
		{75196F69-28EE-2485-1005-4D441A9F10FD}.Debug|Any CPU.ActiveCfg = Debug|Any CPU
		{75196F69-28EE-2485-1005-4D441A9F10FD}.Debug|Any CPU.Build.0 = Debug|Any CPU
		{75196F69-28EE-2485-1005-4D441A9F10FD}.Release|Any CPU.ActiveCfg = Release|Any CPU
		{75196F69-28EE-2485-1005-4D441A9F10FD}.Release|Any CPU.Build.0 = Release|Any CPU
		{FC75BA22-3EE3-B073-13D9-98D3B68B5A5E}.Debug|Any CPU.ActiveCfg = Debug|Any CPU
		{FC75BA22-3EE3-B073-13D9-98D3B68B5A5E}.Debug|Any CPU.Build.0 = Debug|Any CPU
		{FC75BA22-3EE3-B073-13D9-98D3B68B5A5E}.Release|Any CPU.ActiveCfg = Release|Any CPU
		{FC75BA22-3EE3-B073-13D9-98D3B68B5A5E}.Release|Any CPU.Build.0 = Release|Any CPU
		{1439F2F2-A659-2C36-16DE-9D78FA2E7A97}.Debug|Any CPU.ActiveCfg = Debug|Any CPU
		{1439F2F2-A659-2C36-16DE-9D78FA2E7A97}.Debug|Any CPU.Build.0 = Debug|Any CPU
		{1439F2F2-A659-2C36-16DE-9D78FA2E7A97}.Release|Any CPU.ActiveCfg = Release|Any CPU
		{1439F2F2-A659-2C36-16DE-9D78FA2E7A97}.Release|Any CPU.Build.0 = Release|Any CPU
		{E3F2B438-6694-F85A-D8CD-07E1240F7CFB}.Debug|Any CPU.ActiveCfg = Debug|Any CPU
		{E3F2B438-6694-F85A-D8CD-07E1240F7CFB}.Debug|Any CPU.Build.0 = Debug|Any CPU
		{E3F2B438-6694-F85A-D8CD-07E1240F7CFB}.Release|Any CPU.ActiveCfg = Release|Any CPU
		{E3F2B438-6694-F85A-D8CD-07E1240F7CFB}.Release|Any CPU.Build.0 = Release|Any CPU
		{7DD5CECC-281B-3AC3-6F5F-6BC93E0E52C7}.Debug|Any CPU.ActiveCfg = Debug|Any CPU
		{7DD5CECC-281B-3AC3-6F5F-6BC93E0E52C7}.Debug|Any CPU.Build.0 = Debug|Any CPU
		{7DD5CECC-281B-3AC3-6F5F-6BC93E0E52C7}.Release|Any CPU.ActiveCfg = Release|Any CPU
		{7DD5CECC-281B-3AC3-6F5F-6BC93E0E52C7}.Release|Any CPU.Build.0 = Release|Any CPU
		{DA2015C0-463E-E40C-D155-9A511FFA4D5D}.Debug|Any CPU.ActiveCfg = Debug|Any CPU
		{DA2015C0-463E-E40C-D155-9A511FFA4D5D}.Debug|Any CPU.Build.0 = Debug|Any CPU
		{DA2015C0-463E-E40C-D155-9A511FFA4D5D}.Release|Any CPU.ActiveCfg = Release|Any CPU
		{DA2015C0-463E-E40C-D155-9A511FFA4D5D}.Release|Any CPU.Build.0 = Release|Any CPU
		{7D4DA12D-DAE3-D249-6DF1-73FCF518E651}.Debug|Any CPU.ActiveCfg = Debug|Any CPU
		{7D4DA12D-DAE3-D249-6DF1-73FCF518E651}.Debug|Any CPU.Build.0 = Debug|Any CPU
		{7D4DA12D-DAE3-D249-6DF1-73FCF518E651}.Release|Any CPU.ActiveCfg = Release|Any CPU
		{7D4DA12D-DAE3-D249-6DF1-73FCF518E651}.Release|Any CPU.Build.0 = Release|Any CPU
		{D65256CF-6C33-33E3-D869-6546A6129CEB}.Debug|Any CPU.ActiveCfg = Debug|Any CPU
		{D65256CF-6C33-33E3-D869-6546A6129CEB}.Debug|Any CPU.Build.0 = Debug|Any CPU
		{D65256CF-6C33-33E3-D869-6546A6129CEB}.Release|Any CPU.ActiveCfg = Release|Any CPU
		{D65256CF-6C33-33E3-D869-6546A6129CEB}.Release|Any CPU.Build.0 = Release|Any CPU
		{A81E8E14-2B42-0BCA-E740-8C597CCAA56E}.Debug|Any CPU.ActiveCfg = Debug|Any CPU
		{A81E8E14-2B42-0BCA-E740-8C597CCAA56E}.Debug|Any CPU.Build.0 = Debug|Any CPU
		{A81E8E14-2B42-0BCA-E740-8C597CCAA56E}.Release|Any CPU.ActiveCfg = Release|Any CPU
		{A81E8E14-2B42-0BCA-E740-8C597CCAA56E}.Release|Any CPU.Build.0 = Release|Any CPU
		{D8B78E01-2B07-59F4-9F3C-DCEA87EB6F0C}.Debug|Any CPU.ActiveCfg = Debug|Any CPU
		{D8B78E01-2B07-59F4-9F3C-DCEA87EB6F0C}.Debug|Any CPU.Build.0 = Debug|Any CPU
		{D8B78E01-2B07-59F4-9F3C-DCEA87EB6F0C}.Release|Any CPU.ActiveCfg = Release|Any CPU
		{D8B78E01-2B07-59F4-9F3C-DCEA87EB6F0C}.Release|Any CPU.Build.0 = Release|Any CPU
		{FB866266-597C-913F-91D1-C5E18139AD0E}.Debug|Any CPU.ActiveCfg = Debug|Any CPU
		{FB866266-597C-913F-91D1-C5E18139AD0E}.Debug|Any CPU.Build.0 = Debug|Any CPU
		{FB866266-597C-913F-91D1-C5E18139AD0E}.Release|Any CPU.ActiveCfg = Release|Any CPU
		{FB866266-597C-913F-91D1-C5E18139AD0E}.Release|Any CPU.Build.0 = Release|Any CPU
		{38A50FAE-EDC3-941C-E8F0-00868662E92B}.Debug|Any CPU.ActiveCfg = Debug|Any CPU
		{38A50FAE-EDC3-941C-E8F0-00868662E92B}.Debug|Any CPU.Build.0 = Debug|Any CPU
		{38A50FAE-EDC3-941C-E8F0-00868662E92B}.Release|Any CPU.ActiveCfg = Release|Any CPU
		{38A50FAE-EDC3-941C-E8F0-00868662E92B}.Release|Any CPU.Build.0 = Release|Any CPU
		{936B122E-51BF-B8E8-5381-5CD8E0130B96}.Debug|Any CPU.ActiveCfg = Debug|Any CPU
		{936B122E-51BF-B8E8-5381-5CD8E0130B96}.Debug|Any CPU.Build.0 = Debug|Any CPU
		{936B122E-51BF-B8E8-5381-5CD8E0130B96}.Release|Any CPU.ActiveCfg = Release|Any CPU
		{936B122E-51BF-B8E8-5381-5CD8E0130B96}.Release|Any CPU.Build.0 = Release|Any CPU
		{046248E7-9D94-5C3C-6BD2-8C2D543AF098}.Debug|Any CPU.ActiveCfg = Debug|Any CPU
		{046248E7-9D94-5C3C-6BD2-8C2D543AF098}.Debug|Any CPU.Build.0 = Debug|Any CPU
		{046248E7-9D94-5C3C-6BD2-8C2D543AF098}.Release|Any CPU.ActiveCfg = Release|Any CPU
		{046248E7-9D94-5C3C-6BD2-8C2D543AF098}.Release|Any CPU.Build.0 = Release|Any CPU
		{D5E66A49-55D8-64B7-F9FF-FE4F2E759441}.Debug|Any CPU.ActiveCfg = Debug|Any CPU
		{D5E66A49-55D8-64B7-F9FF-FE4F2E759441}.Debug|Any CPU.Build.0 = Debug|Any CPU
		{D5E66A49-55D8-64B7-F9FF-FE4F2E759441}.Release|Any CPU.ActiveCfg = Release|Any CPU
		{D5E66A49-55D8-64B7-F9FF-FE4F2E759441}.Release|Any CPU.Build.0 = Release|Any CPU
		{FDDF4D89-B276-2329-9AD9-02A35C463612}.Debug|Any CPU.ActiveCfg = Debug|Any CPU
		{FDDF4D89-B276-2329-9AD9-02A35C463612}.Debug|Any CPU.Build.0 = Debug|Any CPU
		{FDDF4D89-B276-2329-9AD9-02A35C463612}.Release|Any CPU.ActiveCfg = Release|Any CPU
		{FDDF4D89-B276-2329-9AD9-02A35C463612}.Release|Any CPU.Build.0 = Release|Any CPU
		{FDF6FDB7-4925-7309-C836-BF6EB5E552B3}.Debug|Any CPU.ActiveCfg = Debug|Any CPU
		{FDF6FDB7-4925-7309-C836-BF6EB5E552B3}.Debug|Any CPU.Build.0 = Debug|Any CPU
		{FDF6FDB7-4925-7309-C836-BF6EB5E552B3}.Release|Any CPU.ActiveCfg = Release|Any CPU
		{FDF6FDB7-4925-7309-C836-BF6EB5E552B3}.Release|Any CPU.Build.0 = Release|Any CPU
		{6DB83209-39E0-5B8E-B195-4CACD0892E75}.Debug|Any CPU.ActiveCfg = Debug|Any CPU
		{6DB83209-39E0-5B8E-B195-4CACD0892E75}.Debug|Any CPU.Build.0 = Debug|Any CPU
		{6DB83209-39E0-5B8E-B195-4CACD0892E75}.Release|Any CPU.ActiveCfg = Release|Any CPU
		{6DB83209-39E0-5B8E-B195-4CACD0892E75}.Release|Any CPU.Build.0 = Release|Any CPU
		{1E5EF0ED-4EB0-B70F-A58C-F7A2FD95DDEA}.Debug|Any CPU.ActiveCfg = Debug|Any CPU
		{1E5EF0ED-4EB0-B70F-A58C-F7A2FD95DDEA}.Debug|Any CPU.Build.0 = Debug|Any CPU
		{1E5EF0ED-4EB0-B70F-A58C-F7A2FD95DDEA}.Release|Any CPU.ActiveCfg = Release|Any CPU
		{1E5EF0ED-4EB0-B70F-A58C-F7A2FD95DDEA}.Release|Any CPU.Build.0 = Release|Any CPU
		{01E6F01F-13B6-31F7-CE5E-211ACCBE160B}.Debug|Any CPU.ActiveCfg = Debug|Any CPU
		{01E6F01F-13B6-31F7-CE5E-211ACCBE160B}.Debug|Any CPU.Build.0 = Debug|Any CPU
		{01E6F01F-13B6-31F7-CE5E-211ACCBE160B}.Release|Any CPU.ActiveCfg = Release|Any CPU
		{01E6F01F-13B6-31F7-CE5E-211ACCBE160B}.Release|Any CPU.Build.0 = Release|Any CPU
		{F8725360-3D73-873C-67DE-E111C0F82C5C}.Debug|Any CPU.ActiveCfg = Debug|Any CPU
		{F8725360-3D73-873C-67DE-E111C0F82C5C}.Debug|Any CPU.Build.0 = Debug|Any CPU
		{F8725360-3D73-873C-67DE-E111C0F82C5C}.Release|Any CPU.ActiveCfg = Release|Any CPU
		{F8725360-3D73-873C-67DE-E111C0F82C5C}.Release|Any CPU.Build.0 = Release|Any CPU
		{1CD4006B-341F-387D-9F8C-CB29672B4101}.Debug|Any CPU.ActiveCfg = Debug|Any CPU
		{1CD4006B-341F-387D-9F8C-CB29672B4101}.Debug|Any CPU.Build.0 = Debug|Any CPU
		{1CD4006B-341F-387D-9F8C-CB29672B4101}.Release|Any CPU.ActiveCfg = Release|Any CPU
		{1CD4006B-341F-387D-9F8C-CB29672B4101}.Release|Any CPU.Build.0 = Release|Any CPU
		{0A0A2379-474D-8C8E-4762-E0BBFF587D33}.Debug|Any CPU.ActiveCfg = Debug|Any CPU
		{0A0A2379-474D-8C8E-4762-E0BBFF587D33}.Debug|Any CPU.Build.0 = Debug|Any CPU
		{0A0A2379-474D-8C8E-4762-E0BBFF587D33}.Release|Any CPU.ActiveCfg = Release|Any CPU
		{0A0A2379-474D-8C8E-4762-E0BBFF587D33}.Release|Any CPU.Build.0 = Release|Any CPU
		{93DE363A-2AE1-444F-2CB9-79EDCFDD41D3}.Debug|Any CPU.ActiveCfg = Debug|Any CPU
		{93DE363A-2AE1-444F-2CB9-79EDCFDD41D3}.Debug|Any CPU.Build.0 = Debug|Any CPU
		{93DE363A-2AE1-444F-2CB9-79EDCFDD41D3}.Release|Any CPU.ActiveCfg = Release|Any CPU
		{93DE363A-2AE1-444F-2CB9-79EDCFDD41D3}.Release|Any CPU.Build.0 = Release|Any CPU
		{D6C6E1FE-0CB7-E45B-3514-1ABA379BF8A5}.Debug|Any CPU.ActiveCfg = Debug|Any CPU
		{D6C6E1FE-0CB7-E45B-3514-1ABA379BF8A5}.Debug|Any CPU.Build.0 = Debug|Any CPU
		{D6C6E1FE-0CB7-E45B-3514-1ABA379BF8A5}.Release|Any CPU.ActiveCfg = Release|Any CPU
		{D6C6E1FE-0CB7-E45B-3514-1ABA379BF8A5}.Release|Any CPU.Build.0 = Release|Any CPU
		{9F1DC850-12B3-9DF1-85AA-5272D1107A0E}.Debug|Any CPU.ActiveCfg = Debug|Any CPU
		{9F1DC850-12B3-9DF1-85AA-5272D1107A0E}.Debug|Any CPU.Build.0 = Debug|Any CPU
		{9F1DC850-12B3-9DF1-85AA-5272D1107A0E}.Release|Any CPU.ActiveCfg = Release|Any CPU
		{9F1DC850-12B3-9DF1-85AA-5272D1107A0E}.Release|Any CPU.Build.0 = Release|Any CPU
		{F0769E12-0A07-83F7-C38F-67F629F50616}.Debug|Any CPU.ActiveCfg = Debug|Any CPU
		{F0769E12-0A07-83F7-C38F-67F629F50616}.Debug|Any CPU.Build.0 = Debug|Any CPU
		{F0769E12-0A07-83F7-C38F-67F629F50616}.Release|Any CPU.ActiveCfg = Release|Any CPU
		{F0769E12-0A07-83F7-C38F-67F629F50616}.Release|Any CPU.Build.0 = Release|Any CPU
	EndGlobalSection
	GlobalSection(SolutionProperties) = preSolution
		HideSolutionNode = FALSE
	EndGlobalSection
EndGlobal
